version = 1
revision = 1
requires-python = ">=3.10"

[[package]]
name = "abc397"
version = "0.1.0"
source = { virtual = "." }
dependencies = [
    { name = "pulp" },
]

[package.metadata]
requires-dist = [{ name = "pulp", specifier = ">=3.0.2" }]

[[package]]
name = "pulp"
version = "3.0.2"
source = { registry = "https://pypi.org/simple" }
sdist = { url = "https://files.pythonhosted.org/packages/ce/44/4d2ebd90b5f6f018f9443b597a290f8a5d245d0f2e775e8b7472f68d9929/pulp-3.0.2.tar.gz", hash = "sha256:7e57cd4eb145bdca80214acb07315f03583dd1c00cc8f24f91bf037649f93eb6", size = 17619975 }
wheels = [
    { url = "https://files.pythonhosted.org/packages/98/ae/3f9ef06ae55d895fd621d6e5a30eb4ad4f2f3d0fcf8c5e2dd5df5f4a1cc5/PuLP-3.0.2-py3-none-any.whl", hash = "sha256:327ba7a0d33cb7d4330005eed2b58f0d19391ca96d15f6546fe3621eb86ce341", size = 17690738 },
]
